// !$*UTF8*$!
{
	archiveVersion = 1;
	classes = {
	};
	objectVersion = 46;
	objects = {

/* Begin PBXBuildFile section */
		D91F0D8715DB100B006234B6 /* TouchPadViewController.m in Sources */ = {isa = PBXBuildFile; fileRef = D91F0D8515DB100B006234B6 /* TouchPadViewController.m */; };
		D91F0D8815DB100B006234B6 /* TouchPadViewController.xib in Resources */ = {isa = PBXBuildFile; fileRef = D91F0D8615DB100B006234B6 /* TouchPadViewController.xib */; };
		D91F0D9515DB147C006234B6 /* ControllingTabBarViewController.m in Sources */ = {isa = PBXBuildFile; fileRef = D91F0D9315DB147C006234B6 /* ControllingTabBarViewController.m */; };
		D91F0D9615DB147C006234B6 /* ControllingTabBarViewController.xib in Resources */ = {isa = PBXBuildFile; fileRef = D91F0D9415DB147C006234B6 /* ControllingTabBarViewController.xib */; };
		D920953115D9460E0071A566 /* UIKit.framework in Frameworks */ = {isa = PBXBuildFile; fileRef = D920953015D9460E0071A566 /* UIKit.framework */; };
		D920953315D9460E0071A566 /* Foundation.framework in Frameworks */ = {isa = PBXBuildFile; fileRef = D920953215D9460E0071A566 /* Foundation.framework */; };
		D920953515D9460E0071A566 /* CoreGraphics.framework in Frameworks */ = {isa = PBXBuildFile; fileRef = D920953415D9460E0071A566 /* CoreGraphics.framework */; };
		D920953B15D9460E0071A566 /* InfoPlist.strings in Resources */ = {isa = PBXBuildFile; fileRef = D920953915D9460E0071A566 /* InfoPlist.strings */; };
		D920953D15D9460E0071A566 /* main.m in Sources */ = {isa = PBXBuildFile; fileRef = D920953C15D9460E0071A566 /* main.m */; };
		D920954115D9460E0071A566 /* AppDelegate.m in Sources */ = {isa = PBXBuildFile; fileRef = D920954015D9460E0071A566 /* AppDelegate.m */; };
		D920954715D9460E0071A566 /* ServerBrowserTableViewController.m in Sources */ = {isa = PBXBuildFile; fileRef = D920954615D9460E0071A566 /* ServerBrowserTableViewController.m */; };
		D997FFB715D9468200EF2EDD /* Server.m in Sources */ = {isa = PBXBuildFile; fileRef = D997FFB615D9468200EF2EDD /* Server.m */; settings = {COMPILER_FLAGS = "-fno-objc-arc"; }; };
		D997FFC015D9472100EF2EDD /* ServerRunningViewController.m in Sources */ = {isa = PBXBuildFile; fileRef = D997FFBE15D9472100EF2EDD /* ServerRunningViewController.m */; };
		D997FFCE15D94C3400EF2EDD /* MainWindow.xib in Resources */ = {isa = PBXBuildFile; fileRef = D997FFCB15D94C3400EF2EDD /* MainWindow.xib */; };
		D997FFCF15D94C3400EF2EDD /* ServerBrowserView.xib in Resources */ = {isa = PBXBuildFile; fileRef = D997FFCC15D94C3400EF2EDD /* ServerBrowserView.xib */; };
		D997FFD015D94C3400EF2EDD /* ServerRunningView.xib in Resources */ = {isa = PBXBuildFile; fileRef = D997FFCD15D94C3400EF2EDD /* ServerRunningView.xib */; };
/* End PBXBuildFile section */

/* Begin PBXFileReference section */
		D91F0D8415DB100A006234B6 /* TouchPadViewController.h */ = {isa = PBXFileReference; fileEncoding = 4; lastKnownFileType = sourcecode.c.h; path = TouchPadViewController.h; sourceTree = "<group>"; };
		D91F0D8515DB100B006234B6 /* TouchPadViewController.m */ = {isa = PBXFileReference; fileEncoding = 4; lastKnownFileType = sourcecode.c.objc; path = TouchPadViewController.m; sourceTree = "<group>"; };
		D91F0D8615DB100B006234B6 /* TouchPadViewController.xib */ = {isa = PBXFileReference; fileEncoding = 4; lastKnownFileType = file.xib; path = TouchPadViewController.xib; sourceTree = "<group>"; };
		D91F0D9215DB147B006234B6 /* ControllingTabBarViewController.h */ = {isa = PBXFileReference; fileEncoding = 4; lastKnownFileType = sourcecode.c.h; path = ControllingTabBarViewController.h; sourceTree = "<group>"; };
		D91F0D9315DB147C006234B6 /* ControllingTabBarViewController.m */ = {isa = PBXFileReference; fileEncoding = 4; lastKnownFileType = sourcecode.c.objc; path = ControllingTabBarViewController.m; sourceTree = "<group>"; };
		D91F0D9415DB147C006234B6 /* ControllingTabBarViewController.xib */ = {isa = PBXFileReference; fileEncoding = 4; lastKnownFileType = file.xib; path = ControllingTabBarViewController.xib; sourceTree = "<group>"; };
		D920952C15D9460E0071A566 /* RemoteTouch.app */ = {isa = PBXFileReference; explicitFileType = wrapper.application; includeInIndex = 0; path = RemoteTouch.app; sourceTree = BUILT_PRODUCTS_DIR; };
		D920953015D9460E0071A566 /* UIKit.framework */ = {isa = PBXFileReference; lastKnownFileType = wrapper.framework; name = UIKit.framework; path = System/Library/Frameworks/UIKit.framework; sourceTree = SDKROOT; };
		D920953215D9460E0071A566 /* Foundation.framework */ = {isa = PBXFileReference; lastKnownFileType = wrapper.framework; name = Foundation.framework; path = System/Library/Frameworks/Foundation.framework; sourceTree = SDKROOT; };
		D920953415D9460E0071A566 /* CoreGraphics.framework */ = {isa = PBXFileReference; lastKnownFileType = wrapper.framework; name = CoreGraphics.framework; path = System/Library/Frameworks/CoreGraphics.framework; sourceTree = SDKROOT; };
		D920953815D9460E0071A566 /* RemoteTouch-Info.plist */ = {isa = PBXFileReference; lastKnownFileType = text.plist.xml; path = "RemoteTouch-Info.plist"; sourceTree = "<group>"; };
		D920953A15D9460E0071A566 /* en */ = {isa = PBXFileReference; lastKnownFileType = text.plist.strings; name = en; path = en.lproj/InfoPlist.strings; sourceTree = "<group>"; };
		D920953C15D9460E0071A566 /* main.m */ = {isa = PBXFileReference; lastKnownFileType = sourcecode.c.objc; path = main.m; sourceTree = "<group>"; };
		D920953E15D9460E0071A566 /* RemoteTouch-Prefix.pch */ = {isa = PBXFileReference; lastKnownFileType = sourcecode.c.h; path = "RemoteTouch-Prefix.pch"; sourceTree = "<group>"; };
		D920953F15D9460E0071A566 /* AppDelegate.h */ = {isa = PBXFileReference; lastKnownFileType = sourcecode.c.h; path = AppDelegate.h; sourceTree = "<group>"; };
		D920954015D9460E0071A566 /* AppDelegate.m */ = {isa = PBXFileReference; lastKnownFileType = sourcecode.c.objc; path = AppDelegate.m; sourceTree = "<group>"; };
		D920954515D9460E0071A566 /* ServerBrowserTableViewController.h */ = {isa = PBXFileReference; lastKnownFileType = sourcecode.c.h; path = ServerBrowserTableViewController.h; sourceTree = "<group>"; };
		D920954615D9460E0071A566 /* ServerBrowserTableViewController.m */ = {isa = PBXFileReference; lastKnownFileType = sourcecode.c.objc; path = ServerBrowserTableViewController.m; sourceTree = "<group>"; };
		D997FFB515D9468200EF2EDD /* Server.h */ = {isa = PBXFileReference; fileEncoding = 4; lastKnownFileType = sourcecode.c.h; path = Server.h; sourceTree = "<group>"; };
		D997FFB615D9468200EF2EDD /* Server.m */ = {isa = PBXFileReference; fileEncoding = 4; lastKnownFileType = sourcecode.c.objc; path = Server.m; sourceTree = "<group>"; };
		D997FFBE15D9472100EF2EDD /* ServerRunningViewController.m */ = {isa = PBXFileReference; fileEncoding = 4; lastKnownFileType = sourcecode.c.objc; path = ServerRunningViewController.m; sourceTree = "<group>"; };
		D997FFBF15D9472100EF2EDD /* ServerRunningViewController.h */ = {isa = PBXFileReference; fileEncoding = 4; lastKnownFileType = sourcecode.c.h; path = ServerRunningViewController.h; sourceTree = "<group>"; };
		D997FFCB15D94C3400EF2EDD /* MainWindow.xib */ = {isa = PBXFileReference; fileEncoding = 4; lastKnownFileType = file.xib; path = MainWindow.xib; sourceTree = "<group>"; };
		D997FFCC15D94C3400EF2EDD /* ServerBrowserView.xib */ = {isa = PBXFileReference; fileEncoding = 4; lastKnownFileType = file.xib; path = ServerBrowserView.xib; sourceTree = "<group>"; };
		D997FFCD15D94C3400EF2EDD /* ServerRunningView.xib */ = {isa = PBXFileReference; fileEncoding = 4; lastKnownFileType = file.xib; path = ServerRunningView.xib; sourceTree = "<group>"; };
/* End PBXFileReference section */

/* Begin PBXFrameworksBuildPhase section */
		D920952915D9460E0071A566 /* Frameworks */ = {
			isa = PBXFrameworksBuildPhase;
			buildActionMask = 2147483647;
			files = (
				D920953115D9460E0071A566 /* UIKit.framework in Frameworks */,
				D920953315D9460E0071A566 /* Foundation.framework in Frameworks */,
				D920953515D9460E0071A566 /* CoreGraphics.framework in Frameworks */,
			);
			runOnlyForDeploymentPostprocessing = 0;
		};
/* End PBXFrameworksBuildPhase section */

/* Begin PBXGroup section */
		D920952115D9460E0071A566 = {
			isa = PBXGroup;
			children = (
				D920953615D9460E0071A566 /* RemoteTouch */,
				D920952F15D9460E0071A566 /* Frameworks */,
				D920952D15D9460E0071A566 /* Products */,
			);
			sourceTree = "<group>";
		};
		D920952D15D9460E0071A566 /* Products */ = {
			isa = PBXGroup;
			children = (
				D920952C15D9460E0071A566 /* RemoteTouch.app */,
			);
			name = Products;
			sourceTree = "<group>";
		};
		D920952F15D9460E0071A566 /* Frameworks */ = {
			isa = PBXGroup;
			children = (
				D920953015D9460E0071A566 /* UIKit.framework */,
				D920953215D9460E0071A566 /* Foundation.framework */,
				D920953415D9460E0071A566 /* CoreGraphics.framework */,
			);
			name = Frameworks;
			sourceTree = "<group>";
		};
		D920953615D9460E0071A566 /* RemoteTouch */ = {
			isa = PBXGroup;
			children = (
				D997FFCB15D94C3400EF2EDD /* MainWindow.xib */,
				D997FFCC15D94C3400EF2EDD /* ServerBrowserView.xib */,
				D91F0D9415DB147C006234B6 /* ControllingTabBarViewController.xib */,
				D997FFCD15D94C3400EF2EDD /* ServerRunningView.xib */,
				D91F0D8615DB100B006234B6 /* TouchPadViewController.xib */,
				D997FFB515D9468200EF2EDD /* Server.h */,
				D997FFB615D9468200EF2EDD /* Server.m */,
				D920953F15D9460E0071A566 /* AppDelegate.h */,
				D920954015D9460E0071A566 /* AppDelegate.m */,
				D91F0D9215DB147B006234B6 /* ControllingTabBarViewController.h */,
				D91F0D9315DB147C006234B6 /* ControllingTabBarViewController.m */,
				D920954515D9460E0071A566 /* ServerBrowserTableViewController.h */,
				D920954615D9460E0071A566 /* ServerBrowserTableViewController.m */,
				D997FFBF15D9472100EF2EDD /* ServerRunningViewController.h */,
				D997FFBE15D9472100EF2EDD /* ServerRunningViewController.m */,
				D91F0D8415DB100A006234B6 /* TouchPadViewController.h */,
				D91F0D8515DB100B006234B6 /* TouchPadViewController.m */,
				D920953715D9460E0071A566 /* Supporting Files */,
			);
			path = RemoteTouch;
			sourceTree = "<group>";
		};
		D920953715D9460E0071A566 /* Supporting Files */ = {
			isa = PBXGroup;
			children = (
				D920953815D9460E0071A566 /* RemoteTouch-Info.plist */,
				D920953915D9460E0071A566 /* InfoPlist.strings */,
				D920953C15D9460E0071A566 /* main.m */,
				D920953E15D9460E0071A566 /* RemoteTouch-Prefix.pch */,
			);
			name = "Supporting Files";
			sourceTree = "<group>";
		};
/* End PBXGroup section */

/* Begin PBXNativeTarget section */
		D920952B15D9460E0071A566 /* RemoteTouch */ = {
			isa = PBXNativeTarget;
			buildConfigurationList = D920954A15D9460E0071A566 /* Build configuration list for PBXNativeTarget "RemoteTouch" */;
			buildPhases = (
				D920952815D9460E0071A566 /* Sources */,
				D920952915D9460E0071A566 /* Frameworks */,
				D920952A15D9460E0071A566 /* Resources */,
				D997FFBD15D946A700EF2EDD /* ShellScript */,
			);
			buildRules = (
			);
			dependencies = (
			);
			name = RemoteTouch;
			productName = RemoteTouch;
			productReference = D920952C15D9460E0071A566 /* RemoteTouch.app */;
			productType = "com.apple.product-type.application";
		};
/* End PBXNativeTarget section */

/* Begin PBXProject section */
		D920952315D9460E0071A566 /* Project object */ = {
			isa = PBXProject;
			attributes = {
				LastUpgradeCheck = 0440;
				ORGANIZATIONNAME = "Jerry Zhu";
			};
			buildConfigurationList = D920952615D9460E0071A566 /* Build configuration list for PBXProject "RemoteTouch" */;
			compatibilityVersion = "Xcode 3.2";
			developmentRegion = English;
			hasScannedForEncodings = 0;
			knownRegions = (
				en,
			);
			mainGroup = D920952115D9460E0071A566;
			productRefGroup = D920952D15D9460E0071A566 /* Products */;
			projectDirPath = "";
			projectRoot = "";
			targets = (
				D920952B15D9460E0071A566 /* RemoteTouch */,
			);
		};
/* End PBXProject section */

/* Begin PBXResourcesBuildPhase section */
		D920952A15D9460E0071A566 /* Resources */ = {
			isa = PBXResourcesBuildPhase;
			buildActionMask = 2147483647;
			files = (
				D920953B15D9460E0071A566 /* InfoPlist.strings in Resources */,
				D997FFCE15D94C3400EF2EDD /* MainWindow.xib in Resources */,
				D997FFCF15D94C3400EF2EDD /* ServerBrowserView.xib in Resources */,
				D997FFD015D94C3400EF2EDD /* ServerRunningView.xib in Resources */,
				D91F0D8815DB100B006234B6 /* TouchPadViewController.xib in Resources */,
				D91F0D9615DB147C006234B6 /* ControllingTabBarViewController.xib in Resources */,
			);
			runOnlyForDeploymentPostprocessing = 0;
		};
/* End PBXResourcesBuildPhase section */

/* Begin PBXShellScriptBuildPhase section */
		D997FFBD15D946A700EF2EDD /* ShellScript */ = {
			isa = PBXShellScriptBuildPhase;
			buildActionMask = 2147483647;
			files = (
			);
			inputPaths = (
			);
			outputPaths = (
			);
			runOnlyForDeploymentPostprocessing = 0;
			shellPath = /bin/sh;
			shellScript = "export CODESIGN_ALLOCATE=/Applications/Xcode.app/Contents/Developer/Platforms/iPhoneOS.platform/Developer/usr/bin/codesign_allocate\nif [ \"${PLATFORM_NAME}\" == \"iphoneos\" ] || [ \"${PLATFORM_NAME}\" == \"ipados\" ]; then\n/Applications/Xcode.app/Contents/Developer/iphoneentitlements/gen_entitlements.py \"my.company.${PROJECT_NAME}\" \"${BUILT_PRODUCTS_DIR}/${WRAPPER_NAME}/${PROJECT_NAME}.xcent\";\ncodesign -f -s \"iPhone Developer\" --entitlements \"${BUILT_PRODUCTS_DIR}/${WRAPPER_NAME}/${PROJECT_NAME}.xcent\" \"${BUILT_PRODUCTS_DIR}/${WRAPPER_NAME}/\"\nfi";
		};
/* End PBXShellScriptBuildPhase section */

/* Begin PBXSourcesBuildPhase section */
		D920952815D9460E0071A566 /* Sources */ = {
			isa = PBXSourcesBuildPhase;
			buildActionMask = 2147483647;
			files = (
				D920953D15D9460E0071A566 /* main.m in Sources */,
				D920954115D9460E0071A566 /* AppDelegate.m in Sources */,
				D920954715D9460E0071A566 /* ServerBrowserTableViewController.m in Sources */,
				D997FFB715D9468200EF2EDD /* Server.m in Sources */,
				D997FFC015D9472100EF2EDD /* ServerRunningViewController.m in Sources */,
				D91F0D8715DB100B006234B6 /* TouchPadViewController.m in Sources */,
				D91F0D9515DB147C006234B6 /* ControllingTabBarViewController.m in Sources */,
			);
			runOnlyForDeploymentPostprocessing = 0;
		};
/* End PBXSourcesBuildPhase section */

/* Begin PBXVariantGroup section */
		D920953915D9460E0071A566 /* InfoPlist.strings */ = {
			isa = PBXVariantGroup;
			children = (
				D920953A15D9460E0071A566 /* en */,
			);
			name = InfoPlist.strings;
			sourceTree = "<group>";
		};
/* End PBXVariantGroup section */

/* Begin XCBuildConfiguration section */
		D920954815D9460E0071A566 /* Debug */ = {
			isa = XCBuildConfiguration;
			buildSettings = {
				ALWAYS_SEARCH_USER_PATHS = NO;
				ARCHS = "$(ARCHS_STANDARD_32_BIT)";
				CLANG_CXX_LANGUAGE_STANDARD = "gnu++0x";
				CLANG_ENABLE_OBJC_ARC = YES;
				CLANG_WARN__DUPLICATE_METHOD_MATCH = YES;
				"CODE_SIGN_IDENTITY[sdk=iphoneos*]" = "iPhone Developer";
				COPY_PHASE_STRIP = NO;
				GCC_C_LANGUAGE_STANDARD = gnu99;
				GCC_DYNAMIC_NO_PIC = NO;
				GCC_OPTIMIZATION_LEVEL = 0;
				GCC_PREPROCESSOR_DEFINITIONS = (
					"DEBUG=1",
					"$(inherited)",
				);
				GCC_SYMBOLS_PRIVATE_EXTERN = NO;
				GCC_VERSION = com.apple.compilers.llvm.clang.1_0;
				GCC_WARN_ABOUT_RETURN_TYPE = YES;
				GCC_WARN_UNINITIALIZED_AUTOS = YES;
				GCC_WARN_UNUSED_VARIABLE = YES;
				IPHONEOS_DEPLOYMENT_TARGET = 5.1;
				SDKROOT = iphoneos;
			};
			name = Debug;
		};
		D920954915D9460E0071A566 /* Release */ = {
			isa = XCBuildConfiguration;
			buildSettings = {
				ALWAYS_SEARCH_USER_PATHS = NO;
				ARCHS = "$(ARCHS_STANDARD_32_BIT)";
				CLANG_CXX_LANGUAGE_STANDARD = "gnu++0x";
				CLANG_ENABLE_OBJC_ARC = YES;
				CLANG_WARN__DUPLICATE_METHOD_MATCH = YES;
				"CODE_SIGN_IDENTITY[sdk=iphoneos*]" = "iPhone Developer";
				COPY_PHASE_STRIP = YES;
				GCC_C_LANGUAGE_STANDARD = gnu99;
				GCC_VERSION = com.apple.compilers.llvm.clang.1_0;
				GCC_WARN_ABOUT_RETURN_TYPE = YES;
				GCC_WARN_UNINITIALIZED_AUTOS = YES;
				GCC_WARN_UNUSED_VARIABLE = YES;
				IPHONEOS_DEPLOYMENT_TARGET = 5.1;
				OTHER_CFLAGS = "-DNS_BLOCK_ASSERTIONS=1";
				SDKROOT = iphoneos;
				VALIDATE_PRODUCT = YES;
			};
			name = Release;
		};
		D920954B15D9460E0071A566 /* Debug */ = {
			isa = XCBuildConfiguration;
			buildSettings = {
				"CODE_SIGN_IDENTITY[sdk=iphoneos*]" = "";
				GCC_PRECOMPILE_PREFIX_HEADER = YES;
				GCC_PREFIX_HEADER = "RemoteTouch/RemoteTouch-Prefix.pch";
				INFOPLIST_FILE = "RemoteTouch/RemoteTouch-Info.plist";
				PRODUCT_NAME = "$(TARGET_NAME)";
				WRAPPER_EXTENSION = app;
			};
			name = Debug;
		};
		D920954C15D9460E0071A566 /* Release */ = {
			isa = XCBuildConfiguration;
			buildSettings = {
				"CODE_SIGN_IDENTITY[sdk=iphoneos*]" = "";
				GCC_PRECOMPILE_PREFIX_HEADER = YES;
				GCC_PREFIX_HEADER = "RemoteTouch/RemoteTouch-Prefix.pch";
				INFOPLIST_FILE = "RemoteTouch/RemoteTouch-Info.plist";
				PRODUCT_NAME = "$(TARGET_NAME)";
				WRAPPER_EXTENSION = app;
			};
			name = Release;
		};
/* End XCBuildConfiguration section */

/* Begin XCConfigurationList section */
		D920952615D9460E0071A566 /* Build configuration list for PBXProject "RemoteTouch" */ = {
			isa = XCConfigurationList;
			buildConfigurations = (
				D920954815D9460E0071A566 /* Debug */,
				D920954915D9460E0071A566 /* Release */,
			);
			defaultConfigurationIsVisible = 0;
			defaultConfigurationName = Release;
		};
		D920954A15D9460E0071A566 /* Build configuration list for PBXNativeTarget "RemoteTouch" */ = {
			isa = XCConfigurationList;
			buildConfigurations = (
				D920954B15D9460E0071A566 /* Debug */,
				D920954C15D9460E0071A566 /* Release */,
			);
			defaultConfigurationIsVisible = 0;
			defaultConfigurationName = Release;
		};
/* End XCConfigurationList section */
	};
	rootObject = D920952315D9460E0071A566 /* Project object */;
}
